
Microsoft Visual Studio Solution File, Format Version 12.00
# Visual Studio Version 17
VisualStudioVersion = 17.6.33723.286
MinimumVisualStudioVersion = 10.0.40219.1
Project("{8BC9CEB8-8B4A-11D0-8D11-00A0C91BC942}") = "1_2", "1\1.vcxproj", "{815888A4-088C-45ED-98C9-644E0F3A8D6C}"
EndProject
Global
	GlobalSection(SolutionConfigurationPlatforms) = preSolution
		Debug|ARM64 = Debug|ARM64
		Debug|x64 = Debug|x64
		Debug|x86 = Debug|x86
		Release|ARM64 = Release|ARM64
		Release|x64 = Release|x64
		Release|x86 = Release|x86
	EndGlobalSection
	GlobalSection(ProjectConfigurationPlatforms) = postSolution
		{815888A4-088C-45ED-98C9-644E0F3A8D6C}.Debug|ARM64.ActiveCfg = Debug|ARM64
		{815888A4-088C-45ED-98C9-644E0F3A8D6C}.Debug|ARM64.Build.0 = Debug|ARM64
		{815888A4-088C-45ED-98C9-644E0F3A8D6C}.Debug|x64.ActiveCfg = Debug|x64
		{815888A4-088C-45ED-98C9-644E0F3A8D6C}.Debug|x64.Build.0 = Debug|x64
		{815888A4-088C-45ED-98C9-644E0F3A8D6C}.Debug|x86.ActiveCfg = Debug|Win32
		{815888A4-088C-45ED-98C9-644E0F3A8D6C}.Debug|x86.Build.0 = Debug|Win32
		{815888A4-088C-45ED-98C9-644E0F3A8D6C}.Release|ARM64.ActiveCfg = Release|ARM64
		{815888A4-088C-45ED-98C9-644E0F3A8D6C}.Release|ARM64.Build.0 = Release|ARM64
		{815888A4-088C-45ED-98C9-644E0F3A8D6C}.Release|x64.ActiveCfg = Release|x64
		{815888A4-088C-45ED-98C9-644E0F3A8D6C}.Release|x64.Build.0 = Release|x64
		{815888A4-088C-45ED-98C9-644E0F3A8D6C}.Release|x86.ActiveCfg = Release|Win32
		{815888A4-088C-45ED-98C9-644E0F3A8D6C}.Release|x86.Build.0 = Release|Win32
	EndGlobalSection
	GlobalSection(SolutionProperties) = preSolution
		HideSolutionNode = FALSE
	EndGlobalSection
	GlobalSection(ExtensibilityGlobals) = postSolution
		SolutionGuid = {497C672F-E9A4-47D1-9286-971D19A1B681}
	EndGlobalSection
EndGlobal
